// !$*UTF8*$!
{
	archiveVersion = 1;
	classes = {
	};
	objectVersion = 46;
	objects = {

/* Begin PBXBuildFile section */
		94CE00BE1F378C74008D1F4F /* main.m in Sources */ = {isa = PBXBuildFile; fileRef = 94CE00BD1F378C74008D1F4F /* main.m */; };
		94CE00C11F378C74008D1F4F /* AppDelegate.m in Sources */ = {isa = PBXBuildFile; fileRef = 94CE00C01F378C74008D1F4F /* AppDelegate.m */; };
		94CE00C41F378C74008D1F4F /* ViewController.m in Sources */ = {isa = PBXBuildFile; fileRef = 94CE00C31F378C74008D1F4F /* ViewController.m */; };
		94CE00C71F378C74008D1F4F /* Main.storyboard in Resources */ = {isa = PBXBuildFile; fileRef = 94CE00C51F378C74008D1F4F /* Main.storyboard */; };
		94CE00C91F378C74008D1F4F /* Assets.xcassets in Resources */ = {isa = PBXBuildFile; fileRef = 94CE00C81F378C74008D1F4F /* Assets.xcassets */; };
		94CE00CC1F378C74008D1F4F /* LaunchScreen.storyboard in Resources */ = {isa = PBXBuildFile; fileRef = 94CE00CA1F378C74008D1F4F /* LaunchScreen.storyboard */; };
		94CE00D71F378C74008D1F4F /* HTMLWriterTests.m in Sources */ = {isa = PBXBuildFile; fileRef = 94CE00D61F378C74008D1F4F /* HTMLWriterTests.m */; };
		94CE00E21F378C74008D1F4F /* HTMLWriterUITests.m in Sources */ = {isa = PBXBuildFile; fileRef = 94CE00E11F378C74008D1F4F /* HTMLWriterUITests.m */; };
		94CE00F41F40FBEE008D1F4F /* HTMLCreator.m in Sources */ = {isa = PBXBuildFile; fileRef = 94CE00F31F40FBEE008D1F4F /* HTMLCreator.m */; };
		94E6EF9B1F5B7FAA00CC900B /* HWTable.m in Sources */ = {isa = PBXBuildFile; fileRef = 94E6EF9A1F5B7FAA00CC900B /* HWTable.m */; };
		94E6EF9E1F5B7FC600CC900B /* HWTableRow.m in Sources */ = {isa = PBXBuildFile; fileRef = 94E6EF9D1F5B7FC600CC900B /* HWTableRow.m */; };
		94E6EFA11F5B7FE900CC900B /* HWTableData.m in Sources */ = {isa = PBXBuildFile; fileRef = 94E6EFA01F5B7FE900CC900B /* HWTableData.m */; };
/* End PBXBuildFile section */

/* Begin PBXContainerItemProxy section */
		94CE00D31F378C74008D1F4F /* PBXContainerItemProxy */ = {
			isa = PBXContainerItemProxy;
			containerPortal = 94CE00B11F378C73008D1F4F /* Project object */;
			proxyType = 1;
			remoteGlobalIDString = 94CE00B81F378C74008D1F4F;
			remoteInfo = HTMLWriter;
		};
		94CE00DE1F378C74008D1F4F /* PBXContainerItemProxy */ = {
			isa = PBXContainerItemProxy;
			containerPortal = 94CE00B11F378C73008D1F4F /* Project object */;
			proxyType = 1;
			remoteGlobalIDString = 94CE00B81F378C74008D1F4F;
			remoteInfo = HTMLWriter;
		};
/* End PBXContainerItemProxy section */

/* Begin PBXFileReference section */
		94CE00B91F378C74008D1F4F /* HTMLWriter.app */ = {isa = PBXFileReference; explicitFileType = wrapper.application; includeInIndex = 0; path = HTMLWriter.app; sourceTree = BUILT_PRODUCTS_DIR; };
		94CE00BD1F378C74008D1F4F /* main.m */ = {isa = PBXFileReference; lastKnownFileType = sourcecode.c.objc; path = main.m; sourceTree = "<group>"; };
		94CE00BF1F378C74008D1F4F /* AppDelegate.h */ = {isa = PBXFileReference; lastKnownFileType = sourcecode.c.h; path = AppDelegate.h; sourceTree = "<group>"; };
		94CE00C01F378C74008D1F4F /* AppDelegate.m */ = {isa = PBXFileReference; lastKnownFileType = sourcecode.c.objc; path = AppDelegate.m; sourceTree = "<group>"; };
		94CE00C21F378C74008D1F4F /* ViewController.h */ = {isa = PBXFileReference; lastKnownFileType = sourcecode.c.h; path = ViewController.h; sourceTree = "<group>"; };
		94CE00C31F378C74008D1F4F /* ViewController.m */ = {isa = PBXFileReference; lastKnownFileType = sourcecode.c.objc; path = ViewController.m; sourceTree = "<group>"; };
		94CE00C61F378C74008D1F4F /* Base */ = {isa = PBXFileReference; lastKnownFileType = file.storyboard; name = Base; path = Base.lproj/Main.storyboard; sourceTree = "<group>"; };
		94CE00C81F378C74008D1F4F /* Assets.xcassets */ = {isa = PBXFileReference; lastKnownFileType = folder.assetcatalog; path = Assets.xcassets; sourceTree = "<group>"; };
		94CE00CB1F378C74008D1F4F /* Base */ = {isa = PBXFileReference; lastKnownFileType = file.storyboard; name = Base; path = Base.lproj/LaunchScreen.storyboard; sourceTree = "<group>"; };
		94CE00CD1F378C74008D1F4F /* Info.plist */ = {isa = PBXFileReference; lastKnownFileType = text.plist.xml; path = Info.plist; sourceTree = "<group>"; };
		94CE00D21F378C74008D1F4F /* HTMLWriterTests.xctest */ = {isa = PBXFileReference; explicitFileType = wrapper.cfbundle; includeInIndex = 0; path = HTMLWriterTests.xctest; sourceTree = BUILT_PRODUCTS_DIR; };
		94CE00D61F378C74008D1F4F /* HTMLWriterTests.m */ = {isa = PBXFileReference; lastKnownFileType = sourcecode.c.objc; path = HTMLWriterTests.m; sourceTree = "<group>"; };
		94CE00D81F378C74008D1F4F /* Info.plist */ = {isa = PBXFileReference; lastKnownFileType = text.plist.xml; path = Info.plist; sourceTree = "<group>"; };
		94CE00DD1F378C74008D1F4F /* HTMLWriterUITests.xctest */ = {isa = PBXFileReference; explicitFileType = wrapper.cfbundle; includeInIndex = 0; path = HTMLWriterUITests.xctest; sourceTree = BUILT_PRODUCTS_DIR; };
		94CE00E11F378C74008D1F4F /* HTMLWriterUITests.m */ = {isa = PBXFileReference; lastKnownFileType = sourcecode.c.objc; path = HTMLWriterUITests.m; sourceTree = "<group>"; };
		94CE00E31F378C74008D1F4F /* Info.plist */ = {isa = PBXFileReference; lastKnownFileType = text.plist.xml; path = Info.plist; sourceTree = "<group>"; };
		94CE00F21F40FBEE008D1F4F /* HTMLCreator.h */ = {isa = PBXFileReference; fileEncoding = 4; lastKnownFileType = sourcecode.c.h; path = HTMLCreator.h; sourceTree = "<group>"; };
		94CE00F31F40FBEE008D1F4F /* HTMLCreator.m */ = {isa = PBXFileReference; fileEncoding = 4; lastKnownFileType = sourcecode.c.objc; path = HTMLCreator.m; sourceTree = "<group>"; };
		94E6EF991F5B7FAA00CC900B /* HWTable.h */ = {isa = PBXFileReference; fileEncoding = 4; lastKnownFileType = sourcecode.c.h; path = HWTable.h; sourceTree = "<group>"; };
		94E6EF9A1F5B7FAA00CC900B /* HWTable.m */ = {isa = PBXFileReference; fileEncoding = 4; lastKnownFileType = sourcecode.c.objc; path = HWTable.m; sourceTree = "<group>"; };
		94E6EF9C1F5B7FC600CC900B /* HWTableRow.h */ = {isa = PBXFileReference; fileEncoding = 4; lastKnownFileType = sourcecode.c.h; path = HWTableRow.h; sourceTree = "<group>"; };
		94E6EF9D1F5B7FC600CC900B /* HWTableRow.m */ = {isa = PBXFileReference; fileEncoding = 4; lastKnownFileType = sourcecode.c.objc; path = HWTableRow.m; sourceTree = "<group>"; };
		94E6EF9F1F5B7FE900CC900B /* HWTableData.h */ = {isa = PBXFileReference; fileEncoding = 4; lastKnownFileType = sourcecode.c.h; path = HWTableData.h; sourceTree = "<group>"; };
		94E6EFA01F5B7FE900CC900B /* HWTableData.m */ = {isa = PBXFileReference; fileEncoding = 4; lastKnownFileType = sourcecode.c.objc; path = HWTableData.m; sourceTree = "<group>"; };
/* End PBXFileReference section */

/* Begin PBXFrameworksBuildPhase section */
		94CE00B61F378C74008D1F4F /* Frameworks */ = {
			isa = PBXFrameworksBuildPhase;
			buildActionMask = 2147483647;
			files = (
			);
			runOnlyForDeploymentPostprocessing = 0;
		};
		94CE00CF1F378C74008D1F4F /* Frameworks */ = {
			isa = PBXFrameworksBuildPhase;
			buildActionMask = 2147483647;
			files = (
			);
			runOnlyForDeploymentPostprocessing = 0;
		};
		94CE00DA1F378C74008D1F4F /* Frameworks */ = {
			isa = PBXFrameworksBuildPhase;
			buildActionMask = 2147483647;
			files = (
			);
			runOnlyForDeploymentPostprocessing = 0;
		};
/* End PBXFrameworksBuildPhase section */

/* Begin PBXGroup section */
		94CE00B01F378C73008D1F4F = {
			isa = PBXGroup;
			children = (
				94CE00BB1F378C74008D1F4F /* HTMLWriter */,
				94CE00D51F378C74008D1F4F /* HTMLWriterTests */,
				94CE00E01F378C74008D1F4F /* HTMLWriterUITests */,
				94CE00BA1F378C74008D1F4F /* Products */,
			);
			sourceTree = "<group>";
		};
		94CE00BA1F378C74008D1F4F /* Products */ = {
			isa = PBXGroup;
			children = (
				94CE00B91F378C74008D1F4F /* HTMLWriter.app */,
				94CE00D21F378C74008D1F4F /* HTMLWriterTests.xctest */,
				94CE00DD1F378C74008D1F4F /* HTMLWriterUITests.xctest */,
			);
			name = Products;
			sourceTree = "<group>";
		};
		94CE00BB1F378C74008D1F4F /* HTMLWriter */ = {
			isa = PBXGroup;
			children = (
				94CE00BF1F378C74008D1F4F /* AppDelegate.h */,
				94CE00C01F378C74008D1F4F /* AppDelegate.m */,
				94CE00C21F378C74008D1F4F /* ViewController.h */,
				94CE00C31F378C74008D1F4F /* ViewController.m */,
				94CE00C51F378C74008D1F4F /* Main.storyboard */,
				94CE00C81F378C74008D1F4F /* Assets.xcassets */,
				94CE00CA1F378C74008D1F4F /* LaunchScreen.storyboard */,
				94CE00CD1F378C74008D1F4F /* Info.plist */,
				94CE00BC1F378C74008D1F4F /* Supporting Files */,
				94CE00F21F40FBEE008D1F4F /* HTMLCreator.h */,
				94CE00F31F40FBEE008D1F4F /* HTMLCreator.m */,
				94E6EF9C1F5B7FC600CC900B /* HWTableRow.h */,
				94E6EF9D1F5B7FC600CC900B /* HWTableRow.m */,
				94E6EF991F5B7FAA00CC900B /* HWTable.h */,
				94E6EF9A1F5B7FAA00CC900B /* HWTable.m */,
				94E6EF9F1F5B7FE900CC900B /* HWTableData.h */,
				94E6EFA01F5B7FE900CC900B /* HWTableData.m */,
			);
			path = HTMLWriter;
			sourceTree = "<group>";
		};
		94CE00BC1F378C74008D1F4F /* Supporting Files */ = {
			isa = PBXGroup;
			children = (
				94CE00BD1F378C74008D1F4F /* main.m */,
			);
			name = "Supporting Files";
			sourceTree = "<group>";
		};
		94CE00D51F378C74008D1F4F /* HTMLWriterTests */ = {
			isa = PBXGroup;
			children = (
				94CE00D61F378C74008D1F4F /* HTMLWriterTests.m */,
				94CE00D81F378C74008D1F4F /* Info.plist */,
			);
			path = HTMLWriterTests;
			sourceTree = "<group>";
		};
		94CE00E01F378C74008D1F4F /* HTMLWriterUITests */ = {
			isa = PBXGroup;
			children = (
				94CE00E11F378C74008D1F4F /* HTMLWriterUITests.m */,
				94CE00E31F378C74008D1F4F /* Info.plist */,
			);
			path = HTMLWriterUITests;
			sourceTree = "<group>";
		};
/* End PBXGroup section */

/* Begin PBXNativeTarget section */
		94CE00B81F378C74008D1F4F /* HTMLWriter */ = {
			isa = PBXNativeTarget;
			buildConfigurationList = 94CE00E61F378C74008D1F4F /* Build configuration list for PBXNativeTarget "HTMLWriter" */;
			buildPhases = (
				94CE00B51F378C74008D1F4F /* Sources */,
				94CE00B61F378C74008D1F4F /* Frameworks */,
				94CE00B71F378C74008D1F4F /* Resources */,
			);
			buildRules = (
			);
			dependencies = (
			);
			name = HTMLWriter;
			productName = HTMLWriter;
			productReference = 94CE00B91F378C74008D1F4F /* HTMLWriter.app */;
			productType = "com.apple.product-type.application";
		};
		94CE00D11F378C74008D1F4F /* HTMLWriterTests */ = {
			isa = PBXNativeTarget;
			buildConfigurationList = 94CE00E91F378C74008D1F4F /* Build configuration list for PBXNativeTarget "HTMLWriterTests" */;
			buildPhases = (
				94CE00CE1F378C74008D1F4F /* Sources */,
				94CE00CF1F378C74008D1F4F /* Frameworks */,
				94CE00D01F378C74008D1F4F /* Resources */,
			);
			buildRules = (
			);
			dependencies = (
				94CE00D41F378C74008D1F4F /* PBXTargetDependency */,
			);
			name = HTMLWriterTests;
			productName = HTMLWriterTests;
			productReference = 94CE00D21F378C74008D1F4F /* HTMLWriterTests.xctest */;
			productType = "com.apple.product-type.bundle.unit-test";
		};
		94CE00DC1F378C74008D1F4F /* HTMLWriterUITests */ = {
			isa = PBXNativeTarget;
			buildConfigurationList = 94CE00EC1F378C74008D1F4F /* Build configuration list for PBXNativeTarget "HTMLWriterUITests" */;
			buildPhases = (
				94CE00D91F378C74008D1F4F /* Sources */,
				94CE00DA1F378C74008D1F4F /* Frameworks */,
				94CE00DB1F378C74008D1F4F /* Resources */,
			);
			buildRules = (
			);
			dependencies = (
				94CE00DF1F378C74008D1F4F /* PBXTargetDependency */,
			);
			name = HTMLWriterUITests;
			productName = HTMLWriterUITests;
			productReference = 94CE00DD1F378C74008D1F4F /* HTMLWriterUITests.xctest */;
			productType = "com.apple.product-type.bundle.ui-testing";
		};
/* End PBXNativeTarget section */

/* Begin PBXProject section */
		94CE00B11F378C73008D1F4F /* Project object */ = {
			isa = PBXProject;
			attributes = {
				LastUpgradeCheck = 0830;
				ORGANIZATIONNAME = Ryan;
				TargetAttributes = {
					94CE00B81F378C74008D1F4F = {
						CreatedOnToolsVersion = 8.3.3;
						DevelopmentTeam = 88YLVLXBSV;
						ProvisioningStyle = Automatic;
					};
					94CE00D11F378C74008D1F4F = {
						CreatedOnToolsVersion = 8.3.3;
						DevelopmentTeam = 88YLVLXBSV;
						ProvisioningStyle = Automatic;
						TestTargetID = 94CE00B81F378C74008D1F4F;
					};
					94CE00DC1F378C74008D1F4F = {
						CreatedOnToolsVersion = 8.3.3;
						DevelopmentTeam = 88YLVLXBSV;
						ProvisioningStyle = Automatic;
						TestTargetID = 94CE00B81F378C74008D1F4F;
					};
				};
			};
			buildConfigurationList = 94CE00B41F378C73008D1F4F /* Build configuration list for PBXProject "HTMLWriter" */;
			compatibilityVersion = "Xcode 3.2";
			developmentRegion = English;
			hasScannedForEncodings = 0;
			knownRegions = (
				en,
				Base,
			);
			mainGroup = 94CE00B01F378C73008D1F4F;
			productRefGroup = 94CE00BA1F378C74008D1F4F /* Products */;
			projectDirPath = "";
			projectRoot = "";
			targets = (
				94CE00B81F378C74008D1F4F /* HTMLWriter */,
				94CE00D11F378C74008D1F4F /* HTMLWriterTests */,
				94CE00DC1F378C74008D1F4F /* HTMLWriterUITests */,
			);
		};
/* End PBXProject section */

/* Begin PBXResourcesBuildPhase section */
		94CE00B71F378C74008D1F4F /* Resources */ = {
			isa = PBXResourcesBuildPhase;
			buildActionMask = 2147483647;
			files = (
				94CE00CC1F378C74008D1F4F /* LaunchScreen.storyboard in Resources */,
				94CE00C91F378C74008D1F4F /* Assets.xcassets in Resources */,
				94CE00C71F378C74008D1F4F /* Main.storyboard in Resources */,
			);
			runOnlyForDeploymentPostprocessing = 0;
		};
		94CE00D01F378C74008D1F4F /* Resources */ = {
			isa = PBXResourcesBuildPhase;
			buildActionMask = 2147483647;
			files = (
			);
			runOnlyForDeploymentPostprocessing = 0;
		};
		94CE00DB1F378C74008D1F4F /* Resources */ = {
			isa = PBXResourcesBuildPhase;
			buildActionMask = 2147483647;
			files = (
			);
			runOnlyForDeploymentPostprocessing = 0;
		};
/* End PBXResourcesBuildPhase section */

/* Begin PBXSourcesBuildPhase section */
		94CE00B51F378C74008D1F4F /* Sources */ = {
			isa = PBXSourcesBuildPhase;
			buildActionMask = 2147483647;
			files = (
				94E6EF9E1F5B7FC600CC900B /* HWTableRow.m in Sources */,
				94CE00C41F378C74008D1F4F /* ViewController.m in Sources */,
				94E6EF9B1F5B7FAA00CC900B /* HWTable.m in Sources */,
				94CE00F41F40FBEE008D1F4F /* HTMLCreator.m in Sources */,
				94E6EFA11F5B7FE900CC900B /* HWTableData.m in Sources */,
				94CE00C11F378C74008D1F4F /* AppDelegate.m in Sources */,
				94CE00BE1F378C74008D1F4F /* main.m in Sources */,
			);
			runOnlyForDeploymentPostprocessing = 0;
		};
		94CE00CE1F378C74008D1F4F /* Sources */ = {
			isa = PBXSourcesBuildPhase;
			buildActionMask = 2147483647;
			files = (
				94CE00D71F378C74008D1F4F /* HTMLWriterTests.m in Sources */,
			);
			runOnlyForDeploymentPostprocessing = 0;
		};
		94CE00D91F378C74008D1F4F /* Sources */ = {
			isa = PBXSourcesBuildPhase;
			buildActionMask = 2147483647;
			files = (
				94CE00E21F378C74008D1F4F /* HTMLWriterUITests.m in Sources */,
			);
			runOnlyForDeploymentPostprocessing = 0;
		};
/* End PBXSourcesBuildPhase section */

/* Begin PBXTargetDependency section */
		94CE00D41F378C74008D1F4F /* PBXTargetDependency */ = {
			isa = PBXTargetDependency;
			target = 94CE00B81F378C74008D1F4F /* HTMLWriter */;
			targetProxy = 94CE00D31F378C74008D1F4F /* PBXContainerItemProxy */;
		};
		94CE00DF1F378C74008D1F4F /* PBXTargetDependency */ = {
			isa = PBXTargetDependency;
			target = 94CE00B81F378C74008D1F4F /* HTMLWriter */;
			targetProxy = 94CE00DE1F378C74008D1F4F /* PBXContainerItemProxy */;
		};
/* End PBXTargetDependency section */

/* Begin PBXVariantGroup section */
		94CE00C51F378C74008D1F4F /* Main.storyboard */ = {
			isa = PBXVariantGroup;
			children = (
				94CE00C61F378C74008D1F4F /* Base */,
			);
			name = Main.storyboard;
			sourceTree = "<group>";
		};
		94CE00CA1F378C74008D1F4F /* LaunchScreen.storyboard */ = {
			isa = PBXVariantGroup;
			children = (
				94CE00CB1F378C74008D1F4F /* Base */,
			);
			name = LaunchScreen.storyboard;
			sourceTree = "<group>";
		};
/* End PBXVariantGroup section */

/* Begin XCBuildConfiguration section */
		94CE00E41F378C74008D1F4F /* Debug */ = {
			isa = XCBuildConfiguration;
			buildSettings = {
				ALWAYS_SEARCH_USER_PATHS = NO;
				CLANG_ANALYZER_NONNULL = YES;
				CLANG_ANALYZER_NUMBER_OBJECT_CONVERSION = YES_AGGRESSIVE;
				CLANG_CXX_LANGUAGE_STANDARD = "gnu++0x";
				CLANG_CXX_LIBRARY = "libc++";
				CLANG_ENABLE_MODULES = YES;
				CLANG_ENABLE_OBJC_ARC = YES;
				CLANG_WARN_BOOL_CONVERSION = YES;
				CLANG_WARN_CONSTANT_CONVERSION = YES;
				CLANG_WARN_DIRECT_OBJC_ISA_USAGE = YES_ERROR;
				CLANG_WARN_DOCUMENTATION_COMMENTS = YES;
				CLANG_WARN_EMPTY_BODY = YES;
				CLANG_WARN_ENUM_CONVERSION = YES;
				CLANG_WARN_INFINITE_RECURSION = YES;
				CLANG_WARN_INT_CONVERSION = YES;
				CLANG_WARN_OBJC_ROOT_CLASS = YES_ERROR;
				CLANG_WARN_SUSPICIOUS_MOVE = YES;
				CLANG_WARN_UNREACHABLE_CODE = YES;
				CLANG_WARN__DUPLICATE_METHOD_MATCH = YES;
				"CODE_SIGN_IDENTITY[sdk=iphoneos*]" = "iPhone Developer";
				COPY_PHASE_STRIP = NO;
				DEBUG_INFORMATION_FORMAT = dwarf;
				ENABLE_STRICT_OBJC_MSGSEND = YES;
				ENABLE_TESTABILITY = YES;
				GCC_C_LANGUAGE_STANDARD = gnu99;
				GCC_DYNAMIC_NO_PIC = NO;
				GCC_NO_COMMON_BLOCKS = YES;
				GCC_OPTIMIZATION_LEVEL = 0;
				GCC_PREPROCESSOR_DEFINITIONS = (
					"DEBUG=1",
					"$(inherited)",
				);
				GCC_WARN_64_TO_32_BIT_CONVERSION = YES;
				GCC_WARN_ABOUT_RETURN_TYPE = YES_ERROR;
				GCC_WARN_UNDECLARED_SELECTOR = YES;
				GCC_WARN_UNINITIALIZED_AUTOS = YES_AGGRESSIVE;
				GCC_WARN_UNUSED_FUNCTION = YES;
				GCC_WARN_UNUSED_VARIABLE = YES;
				IPHONEOS_DEPLOYMENT_TARGET = 10.3;
				MTL_ENABLE_DEBUG_INFO = YES;
				ONLY_ACTIVE_ARCH = YES;
				SDKROOT = iphoneos;
			};
			name = Debug;
		};
		94CE00E51F378C74008D1F4F /* Release */ = {
			isa = XCBuildConfiguration;
			buildSettings = {
				ALWAYS_SEARCH_USER_PATHS = NO;
				CLANG_ANALYZER_NONNULL = YES;
				CLANG_ANALYZER_NUMBER_OBJECT_CONVERSION = YES_AGGRESSIVE;
				CLANG_CXX_LANGUAGE_STANDARD = "gnu++0x";
				CLANG_CXX_LIBRARY = "libc++";
				CLANG_ENABLE_MODULES = YES;
				CLANG_ENABLE_OBJC_ARC = YES;
				CLANG_WARN_BOOL_CONVERSION = YES;
				CLANG_WARN_CONSTANT_CONVERSION = YES;
				CLANG_WARN_DIRECT_OBJC_ISA_USAGE = YES_ERROR;
				CLANG_WARN_DOCUMENTATION_COMMENTS = YES;
				CLANG_WARN_EMPTY_BODY = YES;
				CLANG_WARN_ENUM_CONVERSION = YES;
				CLANG_WARN_INFINITE_RECURSION = YES;
				CLANG_WARN_INT_CONVERSION = YES;
				CLANG_WARN_OBJC_ROOT_CLASS = YES_ERROR;
				CLANG_WARN_SUSPICIOUS_MOVE = YES;
				CLANG_WARN_UNREACHABLE_CODE = YES;
				CLANG_WARN__DUPLICATE_METHOD_MATCH = YES;
				"CODE_SIGN_IDENTITY[sdk=iphoneos*]" = "iPhone Developer";
				COPY_PHASE_STRIP = NO;
				DEBUG_INFORMATION_FORMAT = "dwarf-with-dsym";
				ENABLE_NS_ASSERTIONS = NO;
				ENABLE_STRICT_OBJC_MSGSEND = YES;
				GCC_C_LANGUAGE_STANDARD = gnu99;
				GCC_NO_COMMON_BLOCKS = YES;
				GCC_WARN_64_TO_32_BIT_CONVERSION = YES;
				GCC_WARN_ABOUT_RETURN_TYPE = YES_ERROR;
				GCC_WARN_UNDECLARED_SELECTOR = YES;
				GCC_WARN_UNINITIALIZED_AUTOS = YES_AGGRESSIVE;
				GCC_WARN_UNUSED_FUNCTION = YES;
				GCC_WARN_UNUSED_VARIABLE = YES;
				IPHONEOS_DEPLOYMENT_TARGET = 10.3;
				MTL_ENABLE_DEBUG_INFO = NO;
				SDKROOT = iphoneos;
				VALIDATE_PRODUCT = YES;
			};
			name = Release;
		};
		94CE00E71F378C74008D1F4F /* Debug */ = {
			isa = XCBuildConfiguration;
			buildSettings = {
				ASSETCATALOG_COMPILER_APPICON_NAME = AppIcon;
				DEVELOPMENT_TEAM = 88YLVLXBSV;
				INFOPLIST_FILE = HTMLWriter/Info.plist;
				LD_RUNPATH_SEARCH_PATHS = "$(inherited) @executable_path/Frameworks";
				PRODUCT_BUNDLE_IDENTIFIER = io.influxys.HTMLWriter;
				PRODUCT_NAME = "$(TARGET_NAME)";
			};
			name = Debug;
		};
		94CE00E81F378C74008D1F4F /* Release */ = {
			isa = XCBuildConfiguration;
			buildSettings = {
				ASSETCATALOG_COMPILER_APPICON_NAME = AppIcon;
				DEVELOPMENT_TEAM = 88YLVLXBSV;
				INFOPLIST_FILE = HTMLWriter/Info.plist;
				LD_RUNPATH_SEARCH_PATHS = "$(inherited) @executable_path/Frameworks";
				PRODUCT_BUNDLE_IDENTIFIER = io.influxys.HTMLWriter;
				PRODUCT_NAME = "$(TARGET_NAME)";
			};
			name = Release;
		};
		94CE00EA1F378C74008D1F4F /* Debug */ = {
			isa = XCBuildConfiguration;
			buildSettings = {
				BUNDLE_LOADER = "$(TEST_HOST)";
				DEVELOPMENT_TEAM = 88YLVLXBSV;
				INFOPLIST_FILE = HTMLWriterTests/Info.plist;
				LD_RUNPATH_SEARCH_PATHS = "$(inherited) @executable_path/Frameworks @loader_path/Frameworks";
				PRODUCT_BUNDLE_IDENTIFIER = io.influxys.HTMLWriterTests;
				PRODUCT_NAME = "$(TARGET_NAME)";
				TEST_HOST = "$(BUILT_PRODUCTS_DIR)/HTMLWriter.app/HTMLWriter";
			};
			name = Debug;
		};
		94CE00EB1F378C74008D1F4F /* Release */ = {
			isa = XCBuildConfiguration;
			buildSettings = {
				BUNDLE_LOADER = "$(TEST_HOST)";
				DEVELOPMENT_TEAM = 88YLVLXBSV;
				INFOPLIST_FILE = HTMLWriterTests/Info.plist;
				LD_RUNPATH_SEARCH_PATHS = "$(inherited) @executable_path/Frameworks @loader_path/Frameworks";
				PRODUCT_BUNDLE_IDENTIFIER = io.influxys.HTMLWriterTests;
				PRODUCT_NAME = "$(TARGET_NAME)";
				TEST_HOST = "$(BUILT_PRODUCTS_DIR)/HTMLWriter.app/HTMLWriter";
			};
			name = Release;
		};
		94CE00ED1F378C74008D1F4F /* Debug */ = {
			isa = XCBuildConfiguration;
			buildSettings = {
				DEVELOPMENT_TEAM = 88YLVLXBSV;
				INFOPLIST_FILE = HTMLWriterUITests/Info.plist;
				LD_RUNPATH_SEARCH_PATHS = "$(inherited) @executable_path/Frameworks @loader_path/Frameworks";
				PRODUCT_BUNDLE_IDENTIFIER = io.influxys.HTMLWriterUITests;
				PRODUCT_NAME = "$(TARGET_NAME)";
				TEST_TARGET_NAME = HTMLWriter;
			};
			name = Debug;
		};
		94CE00EE1F378C74008D1F4F /* Release */ = {
			isa = XCBuildConfiguration;
			buildSettings = {
				DEVELOPMENT_TEAM = 88YLVLXBSV;
				INFOPLIST_FILE = HTMLWriterUITests/Info.plist;
				LD_RUNPATH_SEARCH_PATHS = "$(inherited) @executable_path/Frameworks @loader_path/Frameworks";
				PRODUCT_BUNDLE_IDENTIFIER = io.influxys.HTMLWriterUITests;
				PRODUCT_NAME = "$(TARGET_NAME)";
				TEST_TARGET_NAME = HTMLWriter;
			};
			name = Release;
		};
/* End XCBuildConfiguration section */

/* Begin XCConfigurationList section */
		94CE00B41F378C73008D1F4F /* Build configuration list for PBXProject "HTMLWriter" */ = {
			isa = XCConfigurationList;
			buildConfigurations = (
				94CE00E41F378C74008D1F4F /* Debug */,
				94CE00E51F378C74008D1F4F /* Release */,
			);
			defaultConfigurationIsVisible = 0;
			defaultConfigurationName = Release;
		};
		94CE00E61F378C74008D1F4F /* Build configuration list for PBXNativeTarget "HTMLWriter" */ = {
			isa = XCConfigurationList;
			buildConfigurations = (
				94CE00E71F378C74008D1F4F /* Debug */,
				94CE00E81F378C74008D1F4F /* Release */,
			);
			defaultConfigurationIsVisible = 0;
			defaultConfigurationName = Release;
		};
		94CE00E91F378C74008D1F4F /* Build configuration list for PBXNativeTarget "HTMLWriterTests" */ = {
			isa = XCConfigurationList;
			buildConfigurations = (
				94CE00EA1F378C74008D1F4F /* Debug */,
				94CE00EB1F378C74008D1F4F /* Release */,
			);
			defaultConfigurationIsVisible = 0;
			defaultConfigurationName = Release;
		};
		94CE00EC1F378C74008D1F4F /* Build configuration list for PBXNativeTarget "HTMLWriterUITests" */ = {
			isa = XCConfigurationList;
			buildConfigurations = (
				94CE00ED1F378C74008D1F4F /* Debug */,
				94CE00EE1F378C74008D1F4F /* Release */,
			);
			defaultConfigurationIsVisible = 0;
			defaultConfigurationName = Release;
		};
/* End XCConfigurationList section */
	};
	rootObject = 94CE00B11F378C73008D1F4F /* Project object */;
}
